
Microsoft Visual Studio Solution File, Format Version 12.00
# Visual Studio 15
VisualStudioVersion = 15.0.28307.438
MinimumVisualStudioVersion = 10.0.40219.1
Project("{FAE04EC0-301F-11D3-BF4B-00C04F79EFBC}") = "AuditReports", "AuditReports\AuditReports.csproj", "{8E476A61-A8C2-4905-9E33-77C4E8AB83A1}"
EndProject
Project("{FAE04EC0-301F-11D3-BF4B-00C04F79EFBC}") = "DataAccess", "DataAccess\DataAccess.csproj", "{B0BE111A-6941-412F-A6D7-E77429214AC4}"
EndProject
Global
	GlobalSection(SolutionConfigurationPlatforms) = preSolution
		Debug|Any CPU = Debug|Any CPU
		Debug|x64 = Debug|x64
		Debug|x86 = Debug|x86
		Release|Any CPU = Release|Any CPU
		Release|x64 = Release|x64
		Release|x86 = Release|x86
	EndGlobalSection
	GlobalSection(ProjectConfigurationPlatforms) = postSolution
		{8E476A61-A8C2-4905-9E33-77C4E8AB83A1}.Debug|Any CPU.ActiveCfg = Debug|Any CPU
		{8E476A61-A8C2-4905-9E33-77C4E8AB83A1}.Debug|Any CPU.Build.0 = Debug|Any CPU
		{8E476A61-A8C2-4905-9E33-77C4E8AB83A1}.Debug|x64.ActiveCfg = Debug|x64
		{8E476A61-A8C2-4905-9E33-77C4E8AB83A1}.Debug|x64.Build.0 = Debug|x64
		{8E476A61-A8C2-4905-9E33-77C4E8AB83A1}.Debug|x86.ActiveCfg = Debug|Any CPU
		{8E476A61-A8C2-4905-9E33-77C4E8AB83A1}.Debug|x86.Build.0 = Debug|Any CPU
		{8E476A61-A8C2-4905-9E33-77C4E8AB83A1}.Release|Any CPU.ActiveCfg = Release|Any CPU
		{8E476A61-A8C2-4905-9E33-77C4E8AB83A1}.Release|Any CPU.Build.0 = Release|Any CPU
		{8E476A61-A8C2-4905-9E33-77C4E8AB83A1}.Release|x64.ActiveCfg = Release|Any CPU
		{8E476A61-A8C2-4905-9E33-77C4E8AB83A1}.Release|x64.Build.0 = Release|Any CPU
		{8E476A61-A8C2-4905-9E33-77C4E8AB83A1}.Release|x86.ActiveCfg = Release|Any CPU
		{8E476A61-A8C2-4905-9E33-77C4E8AB83A1}.Release|x86.Build.0 = Release|Any CPU
		{B0BE111A-6941-412F-A6D7-E77429214AC4}.Debug|Any CPU.ActiveCfg = Debug|Any CPU
		{B0BE111A-6941-412F-A6D7-E77429214AC4}.Debug|Any CPU.Build.0 = Debug|Any CPU
		{B0BE111A-6941-412F-A6D7-E77429214AC4}.Debug|x64.ActiveCfg = Debug|x64
		{B0BE111A-6941-412F-A6D7-E77429214AC4}.Debug|x64.Build.0 = Debug|x64
		{B0BE111A-6941-412F-A6D7-E77429214AC4}.Debug|x86.ActiveCfg = Debug|x86
		{B0BE111A-6941-412F-A6D7-E77429214AC4}.Debug|x86.Build.0 = Debug|x86
		{B0BE111A-6941-412F-A6D7-E77429214AC4}.Release|Any CPU.ActiveCfg = Release|Any CPU
		{B0BE111A-6941-412F-A6D7-E77429214AC4}.Release|Any CPU.Build.0 = Release|Any CPU
		{B0BE111A-6941-412F-A6D7-E77429214AC4}.Release|x64.ActiveCfg = Release|x64
		{B0BE111A-6941-412F-A6D7-E77429214AC4}.Release|x64.Build.0 = Release|x64
		{B0BE111A-6941-412F-A6D7-E77429214AC4}.Release|x86.ActiveCfg = Release|x86
		{B0BE111A-6941-412F-A6D7-E77429214AC4}.Release|x86.Build.0 = Release|x86
	EndGlobalSection
	GlobalSection(SolutionProperties) = preSolution
		HideSolutionNode = FALSE
	EndGlobalSection
	GlobalSection(ExtensibilityGlobals) = postSolution
		SolutionGuid = {553FAD29-CA13-46FD-BFC4-AE24E9B21F36}
	EndGlobalSection
EndGlobal
